
Microsoft Visual Studio Solution File, Format Version 12.00
# Visual Studio Version 16
VisualStudioVersion = 16.0.30330.147
MinimumVisualStudioVersion = 10.0.40219.1
Project("{FAE04EC0-301F-11D3-BF4B-00C04F79EFBC}") = "CargoSupport.Web", "CargoSupport.Web\CargoSupport.Web.csproj", "{1996EEF3-77B8-4DD0-BD9F-A2775FE1C106}"
EndProject
Global
	GlobalSection(SolutionConfigurationPlatforms) = preSolution
		Debug|Any CPU = Debug|Any CPU
		Release|Any CPU = Release|Any CPU
	EndGlobalSection
	GlobalSection(ProjectConfigurationPlatforms) = postSolution
		{1996EEF3-77B8-4DD0-BD9F-A2775FE1C106}.Debug|Any CPU.ActiveCfg = Debug|Any CPU
		{1996EEF3-77B8-4DD0-BD9F-A2775FE1C106}.Debug|Any CPU.Build.0 = Debug|Any CPU
		{1996EEF3-77B8-4DD0-BD9F-A2775FE1C106}.Release|Any CPU.ActiveCfg = Release|Any CPU
		{1996EEF3-77B8-4DD0-BD9F-A2775FE1C106}.Release|Any CPU.Build.0 = Release|Any CPU
	EndGlobalSection
	GlobalSection(SolutionProperties) = preSolution
		HideSolutionNode = FALSE
	EndGlobalSection
	GlobalSection(ExtensibilityGlobals) = postSolution
		SolutionGuid = {0DE02C19-3290-4612-8D6C-E7103843830B}
	EndGlobalSection
EndGlobal
